
Microsoft Visual Studio Solution File, Format Version 12.00
# Visual Studio Version 17
VisualStudioVersion = 17.9.34616.47
MinimumVisualStudioVersion = 10.0.40219.1
Project("{2150E333-8FDC-42A3-9474-1A3956D46DE8}") = "1 - Application", "1 - Application", "{FF030E63-CEAE-4A2A-A981-AD2E72CDDF85}"
EndProject
Project("{2150E333-8FDC-42A3-9474-1A3956D46DE8}") = "2 - Domain", "2 - Domain", "{82C64FFE-A51B-485F-8C70-BB1FECA6DFE8}"
EndProject
Project("{2150E333-8FDC-42A3-9474-1A3956D46DE8}") = "3 - Service", "3 - Service", "{1E5E38AA-FDD7-426F-93EB-18CC0B910069}"
EndProject
Project("{2150E333-8FDC-42A3-9474-1A3956D46DE8}") = "4 -Infra", "4 -Infra", "{5B48EC45-ABDB-4D32-A85D-9F14108A6772}"
EndProject
Project("{2150E333-8FDC-42A3-9474-1A3956D46DE8}") = "4.1 - Data", "4.1 - Data", "{ED29B8E3-339B-4F39-9E76-91A7A7961018}"
EndProject
Project("{FAE04EC0-301F-11D3-BF4B-00C04F79EFBC}") = "ListaTarefa.API", "ListaTarefa.API\ListaTarefa.API.csproj", "{39167E36-7B5A-4509-B987-DC9E803F43FF}"
EndProject
Project("{FAE04EC0-301F-11D3-BF4B-00C04F79EFBC}") = "ListaTarefa.Domain", "ListaTarefa.Domain\ListaTarefa.Domain.csproj", "{FC4F8321-211D-4D91-9F84-304F1859229F}"
EndProject
Project("{FAE04EC0-301F-11D3-BF4B-00C04F79EFBC}") = "ListaTarefa.Service", "ListaTarefa.Service\ListaTarefa.Service.csproj", "{412A658B-7864-4651-B167-CFDA95C4BC26}"
EndProject
Project("{FAE04EC0-301F-11D3-BF4B-00C04F79EFBC}") = "ListaTarefa.Infra.Data", "ListaTarefa.Infra.Data\ListaTarefa.Infra.Data.csproj", "{D4D64D06-B3B6-4609-9054-07420B32CD9C}"
EndProject
Global
	GlobalSection(SolutionConfigurationPlatforms) = preSolution
		Debug|Any CPU = Debug|Any CPU
		Release|Any CPU = Release|Any CPU
	EndGlobalSection
	GlobalSection(ProjectConfigurationPlatforms) = postSolution
		{39167E36-7B5A-4509-B987-DC9E803F43FF}.Debug|Any CPU.ActiveCfg = Debug|Any CPU
		{39167E36-7B5A-4509-B987-DC9E803F43FF}.Debug|Any CPU.Build.0 = Debug|Any CPU
		{39167E36-7B5A-4509-B987-DC9E803F43FF}.Release|Any CPU.ActiveCfg = Release|Any CPU
		{39167E36-7B5A-4509-B987-DC9E803F43FF}.Release|Any CPU.Build.0 = Release|Any CPU
		{FC4F8321-211D-4D91-9F84-304F1859229F}.Debug|Any CPU.ActiveCfg = Debug|Any CPU
		{FC4F8321-211D-4D91-9F84-304F1859229F}.Debug|Any CPU.Build.0 = Debug|Any CPU
		{FC4F8321-211D-4D91-9F84-304F1859229F}.Release|Any CPU.ActiveCfg = Release|Any CPU
		{FC4F8321-211D-4D91-9F84-304F1859229F}.Release|Any CPU.Build.0 = Release|Any CPU
		{412A658B-7864-4651-B167-CFDA95C4BC26}.Debug|Any CPU.ActiveCfg = Debug|Any CPU
		{412A658B-7864-4651-B167-CFDA95C4BC26}.Debug|Any CPU.Build.0 = Debug|Any CPU
		{412A658B-7864-4651-B167-CFDA95C4BC26}.Release|Any CPU.ActiveCfg = Release|Any CPU
		{412A658B-7864-4651-B167-CFDA95C4BC26}.Release|Any CPU.Build.0 = Release|Any CPU
		{D4D64D06-B3B6-4609-9054-07420B32CD9C}.Debug|Any CPU.ActiveCfg = Debug|Any CPU
		{D4D64D06-B3B6-4609-9054-07420B32CD9C}.Debug|Any CPU.Build.0 = Debug|Any CPU
		{D4D64D06-B3B6-4609-9054-07420B32CD9C}.Release|Any CPU.ActiveCfg = Release|Any CPU
		{D4D64D06-B3B6-4609-9054-07420B32CD9C}.Release|Any CPU.Build.0 = Release|Any CPU
	EndGlobalSection
	GlobalSection(SolutionProperties) = preSolution
		HideSolutionNode = FALSE
	EndGlobalSection
	GlobalSection(NestedProjects) = preSolution
		{ED29B8E3-339B-4F39-9E76-91A7A7961018} = {5B48EC45-ABDB-4D32-A85D-9F14108A6772}
		{39167E36-7B5A-4509-B987-DC9E803F43FF} = {FF030E63-CEAE-4A2A-A981-AD2E72CDDF85}
		{FC4F8321-211D-4D91-9F84-304F1859229F} = {82C64FFE-A51B-485F-8C70-BB1FECA6DFE8}
		{412A658B-7864-4651-B167-CFDA95C4BC26} = {1E5E38AA-FDD7-426F-93EB-18CC0B910069}
		{D4D64D06-B3B6-4609-9054-07420B32CD9C} = {ED29B8E3-339B-4F39-9E76-91A7A7961018}
	EndGlobalSection
	GlobalSection(ExtensibilityGlobals) = postSolution
		SolutionGuid = {D82F4379-94FC-464B-879B-E81C30084034}
	EndGlobalSection
EndGlobal
